
Microsoft Visual Studio Solution File, Format Version 12.00
# Visual Studio Version 16
VisualStudioVersion = 16.0.30517.126
MinimumVisualStudioVersion = 10.0.40219.1
Project("{FAE04EC0-301F-11D3-BF4B-00C04F79EFBC}") = "YilanOyunu", "YilanOyunu\YilanOyunu.csproj", "{0D8E05D0-6E9B-47B1-BEC3-ECA5C06CD06D}"
EndProject
Global
	GlobalSection(SolutionConfigurationPlatforms) = preSolution
		Debug|Any CPU = Debug|Any CPU
		Release|Any CPU = Release|Any CPU
	EndGlobalSection
	GlobalSection(ProjectConfigurationPlatforms) = postSolution
		{0D8E05D0-6E9B-47B1-BEC3-ECA5C06CD06D}.Debug|Any CPU.ActiveCfg = Debug|Any CPU
		{0D8E05D0-6E9B-47B1-BEC3-ECA5C06CD06D}.Debug|Any CPU.Build.0 = Debug|Any CPU
		{0D8E05D0-6E9B-47B1-BEC3-ECA5C06CD06D}.Release|Any CPU.ActiveCfg = Release|Any CPU
		{0D8E05D0-6E9B-47B1-BEC3-ECA5C06CD06D}.Release|Any CPU.Build.0 = Release|Any CPU
	EndGlobalSection
	GlobalSection(SolutionProperties) = preSolution
		HideSolutionNode = FALSE
	EndGlobalSection
	GlobalSection(ExtensibilityGlobals) = postSolution
		SolutionGuid = {96D8841D-A96D-4240-8C78-A0330756CED2}
	EndGlobalSection
EndGlobal
